{
  "version": 4,
  "terraform_version": "1.8.2",
  "serial": 183,
  "lineage": "11cd7476-f8de-3791-e895-44d24e58790d",
  "outputs": {},
  "resources": [
    {
      "mode": "data",
      "type": "digitalocean_project",
      "name": "project",
      "provider": "provider[\"registry.terraform.io/digitalocean/digitalocean\"]",
      "instances": [
        {
          "schema_version": 0,
          "attributes": {
            "created_at": "2024-05-15T10:38:34Z",
            "description": "Content collaboration platform / DMS",
            "environment": "",
            "id": "b0a7d5ef-3e88-4aac-80b7-f48089325a50",
            "is_default": false,
            "name": "Sirpi Nextcloud",
            "owner_id": 4182940,
            "owner_uuid": "84cf897d8c80dd13ece1f192f2b68202c35b2077",
            "purpose": "Other",
            "resources": [],
            "updated_at": "2024-05-16T05:14:50Z"
          },
          "sensitive_attributes": []
        }
      ]
    },
    {
      "mode": "data",
      "type": "digitalocean_ssh_key",
      "name": "ssh-key",
      "provider": "provider[\"registry.terraform.io/digitalocean/digitalocean\"]",
      "instances": [
        {
          "schema_version": 0,
          "attributes": {
            "fingerprint": "ce:d8:a7:99:b1:8f:d8:9b:00:c1:56:5b:ad:67:13:90",
            "id": 41285865,
            "name": "Pradeep Tarakar",
            "public_key": "ssh-rsa AAAAB3NzaC1yc2EAAAADAQABAAABgQDWF1MGDZgBqAMU2CsYhD+VDY4kXum9na/849iSxBP0H9HfVCubDykWZUfMCn4M7rxkLqYoDC+OsyDhPQhjXW9Plx9ggC+B3CBLz/zSwJZF765PzzPpeQQvFsmCyubYbDz1P1/5RjDIiwHsPSP0DlecThRXYm/aWRk/U/CLG48xeXW5RG7I8yfiWq0hAeTqIEbm9B/gSyAwW4f9RUnkYQy71WUMM3qLRffppprGrsp9MKI6JHGJ6Xl5RLn3KXI4W8p7tvrCNN43fX8bBKFjPCtK2R0+WMxpKeP1FyB8i8DT0ZKgNSiVJe0pe4IQseJJYzLO2rt5HUcZsDjGif3ToWxG4gp6cZys+N0cnduXgMkkbzSx/vUHAkHfTEkiegSYw+KmSIJcsQfFc/JZnPaRFv7uAxDFnSUfaDwhhou6uo6pBWoiJo+e1vkxI8OijdTfuB5hAT6a3fLJVjBCqVstu4h5aJcT2w84VUeEEzraFLWjPTsy/LcQLnmwZLFUUtAkvhk= devops-sirpi@devopssirpi-hpprodesk400g7microtowerpc"
          },
          "sensitive_attributes": []
        }
      ]
    },
    {
      "mode": "managed",
      "type": "digitalocean_droplet",
      "name": "server-instance",
      "provider": "provider[\"registry.terraform.io/digitalocean/digitalocean\"]",
      "instances": [
        {
          "schema_version": 1,
          "attributes": {
            "backups": false,
            "created_at": "2024-05-29T06:00:54Z",
            "disk": 50,
            "droplet_agent": null,
            "graceful_shutdown": false,
            "id": "421964791",
            "image": "ubuntu-22-04-x64",
            "ipv4_address": "68.183.88.243",
            "ipv4_address_private": "10.139.0.2",
            "ipv6": false,
            "ipv6_address": "",
            "locked": false,
            "memory": 2048,
            "monitoring": false,
            "name": "Nextcloud",
            "price_hourly": 0.01786,
            "price_monthly": 12,
            "private_networking": true,
            "region": "blr1",
            "resize_disk": true,
            "size": "s-1vcpu-2gb",
            "ssh_keys": [
              "41285865"
            ],
            "status": "active",
            "tags": null,
            "timeouts": null,
            "urn": "do:droplet:421964791",
            "user_data": null,
            "vcpus": 1,
            "volume_ids": [],
            "vpc_uuid": "e1c7fed7-dc84-11e8-b2cf-3cfdfea9f220"
          },
          "sensitive_attributes": [],
          "private": "eyJlMmJmYjczMC1lY2FhLTExZTYtOGY4OC0zNDM2M2JjN2M0YzAiOnsiY3JlYXRlIjozNjAwMDAwMDAwMDAwLCJkZWxldGUiOjYwMDAwMDAwMDAwLCJ1cGRhdGUiOjM2MDAwMDAwMDAwMDB9LCJzY2hlbWFfdmVyc2lvbiI6IjEifQ==",
          "dependencies": [
            "data.digitalocean_ssh_key.ssh-key"
          ]
        }
      ]
    },
    {
      "mode": "managed",
      "type": "digitalocean_record",
      "name": "nextcloud-domain-mapping",
      "provider": "provider[\"registry.terraform.io/digitalocean/digitalocean\"]",
      "instances": [
        {
          "status": "tainted",
          "schema_version": 0,
          "attributes": {
            "domain": "sirpi.co.in",
            "flags": 0,
            "fqdn": "nextcloud.sirpi.co.in",
            "id": "1741140557",
            "name": "nextcloud",
            "port": 0,
            "priority": 0,
            "tag": "",
            "ttl": 369,
            "type": "A",
            "value": "68.183.88.243",
            "weight": 0
          },
          "sensitive_attributes": [],
          "private": "bnVsbA==",
          "dependencies": [
            "data.digitalocean_ssh_key.ssh-key",
            "digitalocean_droplet.server-instance"
          ]
        }
      ]
    }
  ],
  "check_results": null
}
